
Microsoft Visual Studio Solution File, Format Version 12.00
# Visual Studio Version 17
VisualStudioVersion = 17.1.32210.238
MinimumVisualStudioVersion = 10.0.40219.1
Project("{FAE04EC0-301F-11D3-BF4B-00C04F79EFBC}") = "ex12", "ex12\ex12.csproj", "{47CF3FFB-F03F-41ED-A02B-F40F96046701}"
EndProject
Global
	GlobalSection(SolutionConfigurationPlatforms) = preSolution
		Debug|Any CPU = Debug|Any CPU
		Release|Any CPU = Release|Any CPU
	EndGlobalSection
	GlobalSection(ProjectConfigurationPlatforms) = postSolution
		{47CF3FFB-F03F-41ED-A02B-F40F96046701}.Debug|Any CPU.ActiveCfg = Debug|Any CPU
		{47CF3FFB-F03F-41ED-A02B-F40F96046701}.Debug|Any CPU.Build.0 = Debug|Any CPU
		{47CF3FFB-F03F-41ED-A02B-F40F96046701}.Release|Any CPU.ActiveCfg = Release|Any CPU
		{47CF3FFB-F03F-41ED-A02B-F40F96046701}.Release|Any CPU.Build.0 = Release|Any CPU
	EndGlobalSection
	GlobalSection(SolutionProperties) = preSolution
		HideSolutionNode = FALSE
	EndGlobalSection
	GlobalSection(ExtensibilityGlobals) = postSolution
		SolutionGuid = {50813C1D-86D9-49DD-9B21-9B1346D3B35C}
	EndGlobalSection
EndGlobal
