
Microsoft Visual Studio Solution File, Format Version 12.00
# Visual Studio Version 17
VisualStudioVersion = 17.1.32210.238
MinimumVisualStudioVersion = 10.0.40219.1
Project("{FAE04EC0-301F-11D3-BF4B-00C04F79EFBC}") = "ex4", "ex4\ex4.csproj", "{FAC9BE43-BD0B-4C5A-AC71-D07D0252BA9F}"
EndProject
Global
	GlobalSection(SolutionConfigurationPlatforms) = preSolution
		Debug|Any CPU = Debug|Any CPU
		Release|Any CPU = Release|Any CPU
	EndGlobalSection
	GlobalSection(ProjectConfigurationPlatforms) = postSolution
		{FAC9BE43-BD0B-4C5A-AC71-D07D0252BA9F}.Debug|Any CPU.ActiveCfg = Debug|Any CPU
		{FAC9BE43-BD0B-4C5A-AC71-D07D0252BA9F}.Debug|Any CPU.Build.0 = Debug|Any CPU
		{FAC9BE43-BD0B-4C5A-AC71-D07D0252BA9F}.Release|Any CPU.ActiveCfg = Release|Any CPU
		{FAC9BE43-BD0B-4C5A-AC71-D07D0252BA9F}.Release|Any CPU.Build.0 = Release|Any CPU
	EndGlobalSection
	GlobalSection(SolutionProperties) = preSolution
		HideSolutionNode = FALSE
	EndGlobalSection
	GlobalSection(ExtensibilityGlobals) = postSolution
		SolutionGuid = {2EC9F5F5-85B0-4C99-8DBF-F42A5AE7537D}
	EndGlobalSection
EndGlobal
