
Microsoft Visual Studio Solution File, Format Version 12.00
# Visual Studio Version 17
VisualStudioVersion = 17.1.32328.378
MinimumVisualStudioVersion = 10.0.40219.1
Project("{FAE04EC0-301F-11D3-BF4B-00C04F79EFBC}") = "ex3", "ex3\ex3.csproj", "{6275B207-A886-436F-841C-FB43DE9BCF8E}"
EndProject
Global
	GlobalSection(SolutionConfigurationPlatforms) = preSolution
		Debug|Any CPU = Debug|Any CPU
		Release|Any CPU = Release|Any CPU
	EndGlobalSection
	GlobalSection(ProjectConfigurationPlatforms) = postSolution
		{6275B207-A886-436F-841C-FB43DE9BCF8E}.Debug|Any CPU.ActiveCfg = Debug|Any CPU
		{6275B207-A886-436F-841C-FB43DE9BCF8E}.Debug|Any CPU.Build.0 = Debug|Any CPU
		{6275B207-A886-436F-841C-FB43DE9BCF8E}.Release|Any CPU.ActiveCfg = Release|Any CPU
		{6275B207-A886-436F-841C-FB43DE9BCF8E}.Release|Any CPU.Build.0 = Release|Any CPU
	EndGlobalSection
	GlobalSection(SolutionProperties) = preSolution
		HideSolutionNode = FALSE
	EndGlobalSection
	GlobalSection(ExtensibilityGlobals) = postSolution
		SolutionGuid = {027D5692-70CB-4D8F-97F0-CAFC73A0EFE4}
	EndGlobalSection
EndGlobal
