
Microsoft Visual Studio Solution File, Format Version 12.00
# Visual Studio Version 17
VisualStudioVersion = 17.1.32210.238
MinimumVisualStudioVersion = 10.0.40219.1
Project("{FAE04EC0-301F-11D3-BF4B-00C04F79EFBC}") = "ex20", "ex20\ex20.csproj", "{CEECB372-5116-4630-A3B1-81CE4F882924}"
EndProject
Global
	GlobalSection(SolutionConfigurationPlatforms) = preSolution
		Debug|Any CPU = Debug|Any CPU
		Release|Any CPU = Release|Any CPU
	EndGlobalSection
	GlobalSection(ProjectConfigurationPlatforms) = postSolution
		{CEECB372-5116-4630-A3B1-81CE4F882924}.Debug|Any CPU.ActiveCfg = Debug|Any CPU
		{CEECB372-5116-4630-A3B1-81CE4F882924}.Debug|Any CPU.Build.0 = Debug|Any CPU
		{CEECB372-5116-4630-A3B1-81CE4F882924}.Release|Any CPU.ActiveCfg = Release|Any CPU
		{CEECB372-5116-4630-A3B1-81CE4F882924}.Release|Any CPU.Build.0 = Release|Any CPU
	EndGlobalSection
	GlobalSection(SolutionProperties) = preSolution
		HideSolutionNode = FALSE
	EndGlobalSection
	GlobalSection(ExtensibilityGlobals) = postSolution
		SolutionGuid = {DB54842F-52AF-4541-8E3B-25248A560F7B}
	EndGlobalSection
EndGlobal
