
Microsoft Visual Studio Solution File, Format Version 12.00
# Visual Studio Version 17
VisualStudioVersion = 17.1.32210.238
MinimumVisualStudioVersion = 10.0.40219.1
Project("{FAE04EC0-301F-11D3-BF4B-00C04F79EFBC}") = "ex11", "ex11\ex11.csproj", "{9501C808-26D0-45CA-9993-CAE3C391ED7D}"
EndProject
Global
	GlobalSection(SolutionConfigurationPlatforms) = preSolution
		Debug|Any CPU = Debug|Any CPU
		Release|Any CPU = Release|Any CPU
	EndGlobalSection
	GlobalSection(ProjectConfigurationPlatforms) = postSolution
		{9501C808-26D0-45CA-9993-CAE3C391ED7D}.Debug|Any CPU.ActiveCfg = Debug|Any CPU
		{9501C808-26D0-45CA-9993-CAE3C391ED7D}.Debug|Any CPU.Build.0 = Debug|Any CPU
		{9501C808-26D0-45CA-9993-CAE3C391ED7D}.Release|Any CPU.ActiveCfg = Release|Any CPU
		{9501C808-26D0-45CA-9993-CAE3C391ED7D}.Release|Any CPU.Build.0 = Release|Any CPU
	EndGlobalSection
	GlobalSection(SolutionProperties) = preSolution
		HideSolutionNode = FALSE
	EndGlobalSection
	GlobalSection(ExtensibilityGlobals) = postSolution
		SolutionGuid = {FD2EE693-5444-4E43-ADC7-18580306EE7D}
	EndGlobalSection
EndGlobal
