
Microsoft Visual Studio Solution File, Format Version 12.00
# Visual Studio Version 17
VisualStudioVersion = 17.1.32328.378
MinimumVisualStudioVersion = 10.0.40219.1
Project("{FAE04EC0-301F-11D3-BF4B-00C04F79EFBC}") = "ex1", "ex1\ex1.csproj", "{C83CF6FF-A72A-4580-A05D-3FDE27C1B7F3}"
EndProject
Global
	GlobalSection(SolutionConfigurationPlatforms) = preSolution
		Debug|Any CPU = Debug|Any CPU
		Release|Any CPU = Release|Any CPU
	EndGlobalSection
	GlobalSection(ProjectConfigurationPlatforms) = postSolution
		{C83CF6FF-A72A-4580-A05D-3FDE27C1B7F3}.Debug|Any CPU.ActiveCfg = Debug|Any CPU
		{C83CF6FF-A72A-4580-A05D-3FDE27C1B7F3}.Debug|Any CPU.Build.0 = Debug|Any CPU
		{C83CF6FF-A72A-4580-A05D-3FDE27C1B7F3}.Release|Any CPU.ActiveCfg = Release|Any CPU
		{C83CF6FF-A72A-4580-A05D-3FDE27C1B7F3}.Release|Any CPU.Build.0 = Release|Any CPU
	EndGlobalSection
	GlobalSection(SolutionProperties) = preSolution
		HideSolutionNode = FALSE
	EndGlobalSection
	GlobalSection(ExtensibilityGlobals) = postSolution
		SolutionGuid = {E8E74F54-1A4A-4BC2-8DBB-A2A707EBA22D}
	EndGlobalSection
EndGlobal
